{
  "sha": "535c65188c68959d47acd88374d9103918ac4649",
  "sources": {
    "vagrant-ohai": {
      "locked_version": "1.0.0",
      "git": "https://github.com/tknerr/cookbooks-vagrant-ohai",
      "ref": "7c8cc0475a1ac74f4c2b683a7627c086dd36429d"
    },
    "gitlab": {
      "path": "."
    },
    "apt": {
      "locked_version": "2.0.0"
    },
    "mysql": {
      "locked_version": "3.0.2"
    },
    "openssl": {
      "locked_version": "1.0.2"
    },
    "build-essential": {
      "locked_version": "1.4.0"
    },
    "postgresql": {
      "locked_version": "3.0.2"
    },
    "database": {
      "locked_version": "1.4.0"
    },
    "aws": {
      "locked_version": "0.101.2"
    },
    "xfs": {
      "locked_version": "1.1.0"
    },
    "postfix": {
      "locked_version": "2.1.6"
    }
  }
}
